
Microsoft Visual Studio Solution File, Format Version 12.00
# Visual Studio 15
VisualStudioVersion = 15.0.28010.2046
MinimumVisualStudioVersion = 10.0.40219.1
Project("{FAE04EC0-301F-11D3-BF4B-00C04F79EFBC}") = "SimpleWebServer", "SimpleWebServer\SimpleWebServer.csproj", "{575E5748-3AB0-49BB-B8A0-6D7350786794}"
EndProject
Global
	GlobalSection(SolutionConfigurationPlatforms) = preSolution
		Debug|Any CPU = Debug|Any CPU
		Release|Any CPU = Release|Any CPU
	EndGlobalSection
	GlobalSection(ProjectConfigurationPlatforms) = postSolution
		{575E5748-3AB0-49BB-B8A0-6D7350786794}.Debug|Any CPU.ActiveCfg = Debug|Any CPU
		{575E5748-3AB0-49BB-B8A0-6D7350786794}.Debug|Any CPU.Build.0 = Debug|Any CPU
		{575E5748-3AB0-49BB-B8A0-6D7350786794}.Release|Any CPU.ActiveCfg = Release|Any CPU
		{575E5748-3AB0-49BB-B8A0-6D7350786794}.Release|Any CPU.Build.0 = Release|Any CPU
	EndGlobalSection
	GlobalSection(SolutionProperties) = preSolution
		HideSolutionNode = FALSE
	EndGlobalSection
	GlobalSection(ExtensibilityGlobals) = postSolution
		SolutionGuid = {FE148F64-F519-406A-B1B2-0927571D4059}
	EndGlobalSection
EndGlobal
